lock-version: 1
system:
  repository: github.com/pis-o-cake/engineering-system
  revision: 'b1d641f68e6e9cca3965d888eb8372adee9552d1'
profile: 'baseline'
packages:
  foundation:
    version: '0.1.0-draft'
    revision: 'b1d641f68e6e9cca3965d888eb8372adee9552d1'
  docs-gov:
    version: '0.1.0-draft'
    revision: 'b1d641f68e6e9cca3965d888eb8372adee9552d1'
  vcs-gov:
    version: '0.1.0-draft'
    revision: 'b1d641f68e6e9cca3965d888eb8372adee9552d1'
  pipeline:
    version: '0.1.0-draft'
    revision: 'b1d641f68e6e9cca3965d888eb8372adee9552d1'
