lock-version: 1
system:
  repository: github.com/pis-o-cake/engineering-system
  revision: '71e1f803a3b7d76ab0185195a780627b754eb4d3'
profile: 'baseline'
packages:
  foundation:
    version: '0.1.0-draft'
    revision: '71e1f803a3b7d76ab0185195a780627b754eb4d3'
  docs-gov:
    version: '0.1.0-draft'
    revision: '71e1f803a3b7d76ab0185195a780627b754eb4d3'
  vcs-gov:
    version: '0.1.0-draft'
    revision: '71e1f803a3b7d76ab0185195a780627b754eb4d3'
  pipeline:
    version: '0.1.0-draft'
    revision: '71e1f803a3b7d76ab0185195a780627b754eb4d3'
