lock-version: 1
system:
  repository: github.com/pis-o-cake/engineering-system
  revision: 'c7c811b88f7cf2a590b8358f7c8bf1828c907dd7'
profile: 'baseline'
packages:
  foundation:
    version: '0.1.0-draft'
    revision: 'c7c811b88f7cf2a590b8358f7c8bf1828c907dd7'
  docs-gov:
    version: '0.1.0-draft'
    revision: 'c7c811b88f7cf2a590b8358f7c8bf1828c907dd7'
  pipeline:
    version: '0.1.0-draft'
    revision: 'c7c811b88f7cf2a590b8358f7c8bf1828c907dd7'
